{
  "name": "th-gather",
  "version": "0.0.3",
  "lockfileVersion": 1,
  "requires": true,
  "dependencies": {
    "@babel/runtime": {
      "version": "7.12.1",
      "resolved": "https://registry.npmjs.org/@babel/runtime/-/runtime-7.12.1.tgz",
      "integrity": "sha512-J5AIf3vPj3UwXaAzb5j1xM4WAQDX3EMgemF8rjCP3SoW09LfRKAXQKt6CoVYl230P6iWdRcBbnLDDdnqWxZSCA==",
      "requires": {
        "regenerator-runtime": "^0.13.4"
      }
    },
    "@types/whatwg-fetch": {
      "version": "0.0.33",
      "resolved": "https://registry.npmjs.org/@types/whatwg-fetch/-/whatwg-fetch-0.0.33.tgz",
      "integrity": "sha1-GcDShjyMsjgPIaHHNrecv3iVuxM=",
      "dev": true,
      "requires": {
        "@types/whatwg-streams": "*"
      }
    },
    "@types/whatwg-streams": {
      "version": "3.2.1",
      "resolved": "https://registry.npmjs.org/@types/whatwg-streams/-/whatwg-streams-3.2.1.tgz",
      "integrity": "sha512-Syv05sRL25b8cC8tqgXSQgLZZmqGq2GO+NafrtHbjPJccP6gWBXmHvo2Trw3AWXQ4QLIkVuOB7uStCuhzswyiw==",
      "dev": true,
      "requires": {
        "whatwg-streams": "*"
      }
    },
    "ajax-hook": {
      "version": "2.0.3",
      "resolved": "https://registry.npmjs.org/ajax-hook/-/ajax-hook-2.0.3.tgz",
      "integrity": "sha512-b72lbaLN3FOXlMrO7xeAnWqOcNwp9Z8Gi1+WrnntbP9BcNFpg0P4i/SLAOqoO8VX5DNck3qmdW4rzK0iSRwoHg=="
    },
    "bluebird": {
      "version": "1.0.8",
      "resolved": "https://registry.npmjs.org/bluebird/-/bluebird-1.0.8.tgz",
      "integrity": "sha1-hRx4JebM5Z5LQ93pXVdLiGdUY/w=",
      "dev": true
    },
    "deep-equal": {
      "version": "0.1.2",
      "resolved": "https://registry.npmjs.org/deep-equal/-/deep-equal-0.1.2.tgz",
      "integrity": "sha1-skbCuApXCkfBG+HZvRBw7IeLh84=",
      "dev": true
    },
    "defined": {
      "version": "0.0.0",
      "resolved": "https://registry.npmjs.org/defined/-/defined-0.0.0.tgz",
      "integrity": "sha1-817qfXBekzuvE7LwOz+D2SFAOz4=",
      "dev": true
    },
    "inherits": {
      "version": "2.0.4",
      "resolved": "https://registry.npmjs.org/inherits/-/inherits-2.0.4.tgz",
      "integrity": "sha512-k/vGaX4/Yla3WzyMCvTQOXYeIHvqOKtnqBduzTHpzpQZzAskKMhZ2K+EnBiSM9zGSoIFeMpXKxa4dYeZIQqewQ==",
      "dev": true
    },
    "install": {
      "version": "0.13.0",
      "resolved": "https://registry.npmjs.org/install/-/install-0.13.0.tgz",
      "integrity": "sha512-zDml/jzr2PKU9I8J/xyZBQn8rPCAY//UOYNmR01XwNwyfhEWObo2SWfSl1+0tm1u6PhxLwDnfsT/6jB7OUxqFA=="
    },
    "jsonify": {
      "version": "0.0.0",
      "resolved": "https://registry.npmjs.org/jsonify/-/jsonify-0.0.0.tgz",
      "integrity": "sha1-LHS27kHZPKUbe1qu6PUDYx0lKnM=",
      "dev": true
    },
    "regenerator-runtime": {
      "version": "0.13.9",
      "resolved": "https://registry.npmjs.org/regenerator-runtime/-/regenerator-runtime-0.13.9.tgz",
      "integrity": "sha512-p3VT+cOEgxFsRRA9X4lkI1E+k2/CtnKtU4gcxyaCUreilL/vqI6CdZ3wxVUx3UOUg+gnUOQQcRI7BmSI656MYA=="
    },
    "resumer": {
      "version": "0.0.0",
      "resolved": "https://registry.npmjs.org/resumer/-/resumer-0.0.0.tgz",
      "integrity": "sha1-8ej0YeQGS6Oegq883CqMiT0HZ1k=",
      "dev": true,
      "requires": {
        "through": "~2.3.4"
      }
    },
    "tape": {
      "version": "2.3.3",
      "resolved": "https://registry.npmjs.org/tape/-/tape-2.3.3.tgz",
      "integrity": "sha1-Lnzgox3wn41oUWZKcYQuDKUFevc=",
      "dev": true,
      "requires": {
        "deep-equal": "~0.1.0",
        "defined": "~0.0.0",
        "inherits": "~2.0.1",
        "jsonify": "~0.0.0",
        "resumer": "~0.0.0",
        "through": "~2.3.4"
      }
    },
    "through": {
      "version": "2.3.8",
      "resolved": "https://registry.npmjs.org/through/-/through-2.3.8.tgz",
      "integrity": "sha1-DdTJ/6q8NXlgsbckEV1+Doai4fU=",
      "dev": true
    },
    "whatwg-fetch": {
      "version": "3.4.1",
      "resolved": "https://registry.npmjs.org/whatwg-fetch/-/whatwg-fetch-3.4.1.tgz",
      "integrity": "sha512-sofZVzE1wKwO+EYPbWfiwzaKovWiZXf4coEzjGP9b2GBVgQRLQUZ2QcuPpQExGDAW5GItpEm6Tl4OU5mywnAoQ=="
    },
    "whatwg-streams": {
      "version": "0.1.1",
      "resolved": "https://registry.npmjs.org/whatwg-streams/-/whatwg-streams-0.1.1.tgz",
      "integrity": "sha1-3VV1yWW84T2nbcDdSVYpqHVy504=",
      "dev": true,
      "requires": {
        "bluebird": "~1.0.0",
        "tape": "~2.3.2"
      }
    }
  }
}
